Microsoft Visual Studio Solution File, Format Version 10.00
# Visual Studio 2008
Project("{8BC9CEB8-8B4A-11D0-8D11-00A0C91BC942}") = "odeapp", "odeapp.vcproj", "{023D2C68-1AD3-45B2-9A78-AB6FE346025F}"
EndProject
Global
	GlobalSection(SolutionConfigurationPlatforms) = preSolution
		Debug|Win32 = Debug|Win32
		Release|Win32 = Release|Win32
		ReleaseDll|Win32 = ReleaseDll|Win32
	EndGlobalSection
	GlobalSection(ProjectConfigurationPlatforms) = postSolution
		{023D2C68-1AD3-45B2-9A78-AB6FE346025F}.Debug|Win32.ActiveCfg = Debug|Win32
		{023D2C68-1AD3-45B2-9A78-AB6FE346025F}.Debug|Win32.Build.0 = Debug|Win32
		{023D2C68-1AD3-45B2-9A78-AB6FE346025F}.Release|Win32.ActiveCfg = Release|Win32
		{023D2C68-1AD3-45B2-9A78-AB6FE346025F}.Release|Win32.Build.0 = Release|Win32
		{023D2C68-1AD3-45B2-9A78-AB6FE346025F}.ReleaseDll|Win32.ActiveCfg = ReleaseDll|Win32
		{023D2C68-1AD3-45B2-9A78-AB6FE346025F}.ReleaseDll|Win32.Build.0 = ReleaseDll|Win32
	EndGlobalSection
	GlobalSection(SolutionProperties) = preSolution
		HideSolutionNode = FALSE
	EndGlobalSection
EndGlobal
